// !$*UTF8*$!
{
	archiveVersion = 1;
	classes = {
	};
	objectVersion = 50;
	objects = {

/* Begin PBXBuildFile section */
		4586255241546548CE31B3D6 /* Pods_SABRE_II_MobileTests.framework in Frameworks */ = {isa = PBXBuildFile; fileRef = 308EE1F44C52C21F3816FEA0 /* Pods_SABRE_II_MobileTests.framework */; };
		693657CB2221BE2E00DF9561 /* AppDelegate.swift in Sources */ = {isa = PBXBuildFile; fileRef = 693657CA2221BE2E00DF9561 /* AppDelegate.swift */; };
		693657D02221BE2E00DF9561 /* Main.storyboard in Resources */ = {isa = PBXBuildFile; fileRef = 693657CE2221BE2E00DF9561 /* Main.storyboard */; };
		693657D22221BE3000DF9561 /* Assets.xcassets in Resources */ = {isa = PBXBuildFile; fileRef = 693657D12221BE3000DF9561 /* Assets.xcassets */; };
		693657D52221BE3000DF9561 /* LaunchScreen.storyboard in Resources */ = {isa = PBXBuildFile; fileRef = 693657D32221BE3000DF9561 /* LaunchScreen.storyboard */; };
		693657E02221BE3000DF9561 /* SABRE_II_MobileTests.swift in Sources */ = {isa = PBXBuildFile; fileRef = 693657DF2221BE3000DF9561 /* SABRE_II_MobileTests.swift */; };
		693657EB2221BE3000DF9561 /* SABRE_II_MobileUITests.swift in Sources */ = {isa = PBXBuildFile; fileRef = 693657EA2221BE3000DF9561 /* SABRE_II_MobileUITests.swift */; };
		695F45DF22225B6400B01820 /* JukeBoxTableViewCell.swift in Sources */ = {isa = PBXBuildFile; fileRef = 695F45DE22225B6400B01820 /* JukeBoxTableViewCell.swift */; };
		697CDBDD222213EA0084CFEC /* ViewController.swift in Sources */ = {isa = PBXBuildFile; fileRef = 697CDBDC222213EA0084CFEC /* ViewController.swift */; };
		697CDBDF222213ED0084CFEC /* JukeBoxViewController.swift in Sources */ = {isa = PBXBuildFile; fileRef = 697CDBDE222213EC0084CFEC /* JukeBoxViewController.swift */; };
		69E226402222B443000F6ECF /* AddSongViewController.swift in Sources */ = {isa = PBXBuildFile; fileRef = 69E2263F2222B443000F6ECF /* AddSongViewController.swift */; };
		69E2265E2225765A000F6ECF /* JukeBox.swift in Sources */ = {isa = PBXBuildFile; fileRef = 69E2265D2225765A000F6ECF /* JukeBox.swift */; };
		69E22662222576A7000F6ECF /* AppleMusicPlayer.swift in Sources */ = {isa = PBXBuildFile; fileRef = 69E22661222576A7000F6ECF /* AppleMusicPlayer.swift */; };
		69E22664222576C3000F6ECF /* SpotifyMusicPlayer.swift in Sources */ = {isa = PBXBuildFile; fileRef = 69E22663222576C3000F6ECF /* SpotifyMusicPlayer.swift */; };
		69E22666222576D1000F6ECF /* Settings.swift in Sources */ = {isa = PBXBuildFile; fileRef = 69E22665222576D1000F6ECF /* Settings.swift */; };
		69E2266A22258159000F6ECF /* JukeBoxMusicPlayer.swift in Sources */ = {isa = PBXBuildFile; fileRef = 69E2266922258159000F6ECF /* JukeBoxMusicPlayer.swift */; };
		7FABB4C156AF4A38F5FDB271 /* Pods_SABRE_II_MobileUITests.framework in Frameworks */ = {isa = PBXBuildFile; fileRef = 00C3038BCF5468835612576F /* Pods_SABRE_II_MobileUITests.framework */; };
		BF5E3336E8D3FCDB8CE937D5 /* Pods_SABRE_II_Mobile.framework in Frameworks */ = {isa = PBXBuildFile; fileRef = DAA6900F2AAA25AFA79BB57E /* Pods_SABRE_II_Mobile.framework */; };
/* End PBXBuildFile section */

/* Begin PBXContainerItemProxy section */
		693657DC2221BE3000DF9561 /* PBXContainerItemProxy */ = {
			isa = PBXContainerItemProxy;
			containerPortal = 693657BF2221BE2E00DF9561 /* Project object */;
			proxyType = 1;
			remoteGlobalIDString = 693657C62221BE2E00DF9561;
			remoteInfo = "SABRE-II-Mobile";
		};
		693657E72221BE3000DF9561 /* PBXContainerItemProxy */ = {
			isa = PBXContainerItemProxy;
			containerPortal = 693657BF2221BE2E00DF9561 /* Project object */;
			proxyType = 1;
			remoteGlobalIDString = 693657C62221BE2E00DF9561;
			remoteInfo = "SABRE-II-Mobile";
		};
/* End PBXContainerItemProxy section */

/* Begin PBXFileReference section */
		00C3038BCF5468835612576F /* Pods_SABRE_II_MobileUITests.framework */ = {isa = PBXFileReference; explicitFileType = wrapper.framework; includeInIndex = 0; path = Pods_SABRE_II_MobileUITests.framework; sourceTree = BUILT_PRODUCTS_DIR; };
		0322D361DF2A89A1CB0904B4 /* Pods-SABRE-II-Mobile.debug.xcconfig */ = {isa = PBXFileReference; includeInIndex = 1; lastKnownFileType = text.xcconfig; name = "Pods-SABRE-II-Mobile.debug.xcconfig"; path = "Target Support Files/Pods-SABRE-II-Mobile/Pods-SABRE-II-Mobile.debug.xcconfig"; sourceTree = "<group>"; };
		305025464A850CF0AED93188 /* Pods-SABRE-II-MobileUITests.release.xcconfig */ = {isa = PBXFileReference; includeInIndex = 1; lastKnownFileType = text.xcconfig; name = "Pods-SABRE-II-MobileUITests.release.xcconfig"; path = "Target Support Files/Pods-SABRE-II-MobileUITests/Pods-SABRE-II-MobileUITests.release.xcconfig"; sourceTree = "<group>"; };
		308EE1F44C52C21F3816FEA0 /* Pods_SABRE_II_MobileTests.framework */ = {isa = PBXFileReference; explicitFileType = wrapper.framework; includeInIndex = 0; path = Pods_SABRE_II_MobileTests.framework; sourceTree = BUILT_PRODUCTS_DIR; };
		693657C72221BE2E00DF9561 /* SABRE-II-Mobile.app */ = {isa = PBXFileReference; explicitFileType = wrapper.application; includeInIndex = 0; path = "SABRE-II-Mobile.app"; sourceTree = BUILT_PRODUCTS_DIR; };
		693657CA2221BE2E00DF9561 /* AppDelegate.swift */ = {isa = PBXFileReference; lastKnownFileType = sourcecode.swift; path = AppDelegate.swift; sourceTree = "<group>"; };
		693657CF2221BE2E00DF9561 /* Base */ = {isa = PBXFileReference; lastKnownFileType = file.storyboard; name = Base; path = Base.lproj/Main.storyboard; sourceTree = "<group>"; };
		693657D12221BE3000DF9561 /* Assets.xcassets */ = {isa = PBXFileReference; lastKnownFileType = folder.assetcatalog; path = Assets.xcassets; sourceTree = "<group>"; };
		693657D42221BE3000DF9561 /* Base */ = {isa = PBXFileReference; lastKnownFileType = file.storyboard; name = Base; path = Base.lproj/LaunchScreen.storyboard; sourceTree = "<group>"; };
		693657D62221BE3000DF9561 /* Info.plist */ = {isa = PBXFileReference; lastKnownFileType = text.plist.xml; path = Info.plist; sourceTree = "<group>"; };
		693657DB2221BE3000DF9561 /* SABRE-II-MobileTests.xctest */ = {isa = PBXFileReference; explicitFileType = wrapper.cfbundle; includeInIndex = 0; path = "SABRE-II-MobileTests.xctest"; sourceTree = BUILT_PRODUCTS_DIR; };
		693657DF2221BE3000DF9561 /* SABRE_II_MobileTests.swift */ = {isa = PBXFileReference; lastKnownFileType = sourcecode.swift; path = SABRE_II_MobileTests.swift; sourceTree = "<group>"; };
		693657E12221BE3000DF9561 /* Info.plist */ = {isa = PBXFileReference; lastKnownFileType = text.plist.xml; path = Info.plist; sourceTree = "<group>"; };
		693657E62221BE3000DF9561 /* SABRE-II-MobileUITests.xctest */ = {isa = PBXFileReference; explicitFileType = wrapper.cfbundle; includeInIndex = 0; path = "SABRE-II-MobileUITests.xctest"; sourceTree = BUILT_PRODUCTS_DIR; };
		693657EA2221BE3000DF9561 /* SABRE_II_MobileUITests.swift */ = {isa = PBXFileReference; lastKnownFileType = sourcecode.swift; path = SABRE_II_MobileUITests.swift; sourceTree = "<group>"; };
		693657EC2221BE3000DF9561 /* Info.plist */ = {isa = PBXFileReference; lastKnownFileType = text.plist.xml; path = Info.plist; sourceTree = "<group>"; };
		695F45DE22225B6400B01820 /* JukeBoxTableViewCell.swift */ = {isa = PBXFileReference; lastKnownFileType = sourcecode.swift; path = JukeBoxTableViewCell.swift; sourceTree = "<group>"; };
		697CDBDC222213EA0084CFEC /* ViewController.swift */ = {isa = PBXFileReference; lastKnownFileType = sourcecode.swift; path = ViewController.swift; sourceTree = "<group>"; };
		697CDBDE222213EC0084CFEC /* JukeBoxViewController.swift */ = {isa = PBXFileReference; lastKnownFileType = sourcecode.swift; path = JukeBoxViewController.swift; sourceTree = "<group>"; };
		69E2263F2222B443000F6ECF /* AddSongViewController.swift */ = {isa = PBXFileReference; lastKnownFileType = sourcecode.swift; path = AddSongViewController.swift; sourceTree = "<group>"; };
		69E2265D2225765A000F6ECF /* JukeBox.swift */ = {isa = PBXFileReference; lastKnownFileType = sourcecode.swift; path = JukeBox.swift; sourceTree = "<group>"; };
		69E22661222576A7000F6ECF /* AppleMusicPlayer.swift */ = {isa = PBXFileReference; lastKnownFileType = sourcecode.swift; path = AppleMusicPlayer.swift; sourceTree = "<group>"; };
		69E22663222576C3000F6ECF /* SpotifyMusicPlayer.swift */ = {isa = PBXFileReference; lastKnownFileType = sourcecode.swift; path = SpotifyMusicPlayer.swift; sourceTree = "<group>"; };
		69E22665222576D1000F6ECF /* Settings.swift */ = {isa = PBXFileReference; lastKnownFileType = sourcecode.swift; path = Settings.swift; sourceTree = "<group>"; };
		69E2266922258159000F6ECF /* JukeBoxMusicPlayer.swift */ = {isa = PBXFileReference; lastKnownFileType = sourcecode.swift; path = JukeBoxMusicPlayer.swift; sourceTree = "<group>"; };
		7159BC847BEE916B652020DA /* Pods-SABRE-II-MobileTests.debug.xcconfig */ = {isa = PBXFileReference; includeInIndex = 1; lastKnownFileType = text.xcconfig; name = "Pods-SABRE-II-MobileTests.debug.xcconfig"; path = "Target Support Files/Pods-SABRE-II-MobileTests/Pods-SABRE-II-MobileTests.debug.xcconfig"; sourceTree = "<group>"; };
		915DA680EF2456ED9A715460 /* Pods-SABRE-II-Mobile.release.xcconfig */ = {isa = PBXFileReference; includeInIndex = 1; lastKnownFileType = text.xcconfig; name = "Pods-SABRE-II-Mobile.release.xcconfig"; path = "Target Support Files/Pods-SABRE-II-Mobile/Pods-SABRE-II-Mobile.release.xcconfig"; sourceTree = "<group>"; };
		B648D6E4C3F81C9286B29FB1 /* Pods-SABRE-II-MobileTests.release.xcconfig */ = {isa = PBXFileReference; includeInIndex = 1; lastKnownFileType = text.xcconfig; name = "Pods-SABRE-II-MobileTests.release.xcconfig"; path = "Target Support Files/Pods-SABRE-II-MobileTests/Pods-SABRE-II-MobileTests.release.xcconfig"; sourceTree = "<group>"; };
		D8089F98B1360FF5F37E6901 /* Pods-SABRE-II-MobileUITests.debug.xcconfig */ = {isa = PBXFileReference; includeInIndex = 1; lastKnownFileType = text.xcconfig; name = "Pods-SABRE-II-MobileUITests.debug.xcconfig"; path = "Target Support Files/Pods-SABRE-II-MobileUITests/Pods-SABRE-II-MobileUITests.debug.xcconfig"; sourceTree = "<group>"; };
		DAA6900F2AAA25AFA79BB57E /* Pods_SABRE_II_Mobile.framework */ = {isa = PBXFileReference; explicitFileType = wrapper.framework; includeInIndex = 0; path = Pods_SABRE_II_Mobile.framework; sourceTree = BUILT_PRODUCTS_DIR; };
/* End PBXFileReference section */

/* Begin PBXFrameworksBuildPhase section */
		693657C42221BE2E00DF9561 /* Frameworks */ = {
			isa = PBXFrameworksBuildPhase;
			buildActionMask = 2147483647;
			files = (
				BF5E3336E8D3FCDB8CE937D5 /* Pods_SABRE_II_Mobile.framework in Frameworks */,
			);
			runOnlyForDeploymentPostprocessing = 0;
		};
		693657D82221BE3000DF9561 /* Frameworks */ = {
			isa = PBXFrameworksBuildPhase;
			buildActionMask = 2147483647;
			files = (
				4586255241546548CE31B3D6 /* Pods_SABRE_II_MobileTests.framework in Frameworks */,
			);
			runOnlyForDeploymentPostprocessing = 0;
		};
		693657E32221BE3000DF9561 /* Frameworks */ = {
			isa = PBXFrameworksBuildPhase;
			buildActionMask = 2147483647;
			files = (
				7FABB4C156AF4A38F5FDB271 /* Pods_SABRE_II_MobileUITests.framework in Frameworks */,
			);
			runOnlyForDeploymentPostprocessing = 0;
		};
/* End PBXFrameworksBuildPhase section */

/* Begin PBXGroup section */
		0AF5026CB74EE3433B3704FA /* Frameworks */ = {
			isa = PBXGroup;
			children = (
				DAA6900F2AAA25AFA79BB57E /* Pods_SABRE_II_Mobile.framework */,
				308EE1F44C52C21F3816FEA0 /* Pods_SABRE_II_MobileTests.framework */,
				00C3038BCF5468835612576F /* Pods_SABRE_II_MobileUITests.framework */,
			);
			name = Frameworks;
			sourceTree = "<group>";
		};
		693657BE2221BE2E00DF9561 = {
			isa = PBXGroup;
			children = (
				693657C92221BE2E00DF9561 /* SABRE-II-Mobile */,
				693657DE2221BE3000DF9561 /* SABRE-II-MobileTests */,
				693657E92221BE3000DF9561 /* SABRE-II-MobileUITests */,
				693657C82221BE2E00DF9561 /* Products */,
				C911A9775BD4CF6DD5FC025C /* Pods */,
				0AF5026CB74EE3433B3704FA /* Frameworks */,
			);
			sourceTree = "<group>";
		};
		693657C82221BE2E00DF9561 /* Products */ = {
			isa = PBXGroup;
			children = (
				693657C72221BE2E00DF9561 /* SABRE-II-Mobile.app */,
				693657DB2221BE3000DF9561 /* SABRE-II-MobileTests.xctest */,
				693657E62221BE3000DF9561 /* SABRE-II-MobileUITests.xctest */,
			);
			name = Products;
			sourceTree = "<group>";
		};
		693657C92221BE2E00DF9561 /* SABRE-II-Mobile */ = {
			isa = PBXGroup;
			children = (
				697CDBE4222215170084CFEC /* SupportingFiles */,
				697CDBE32222150D0084CFEC /* Models */,
				697CDBE2222215010084CFEC /* Views */,
				697CDBE1222214540084CFEC /* Controllers */,
			);
			path = "SABRE-II-Mobile";
			sourceTree = "<group>";
		};
		693657DE2221BE3000DF9561 /* SABRE-II-MobileTests */ = {
			isa = PBXGroup;
			children = (
				693657DF2221BE3000DF9561 /* SABRE_II_MobileTests.swift */,
				693657E12221BE3000DF9561 /* Info.plist */,
			);
			path = "SABRE-II-MobileTests";
			sourceTree = "<group>";
		};
		693657E92221BE3000DF9561 /* SABRE-II-MobileUITests */ = {
			isa = PBXGroup;
			children = (
				693657EA2221BE3000DF9561 /* SABRE_II_MobileUITests.swift */,
				693657EC2221BE3000DF9561 /* Info.plist */,
			);
			path = "SABRE-II-MobileUITests";
			sourceTree = "<group>";
		};
		697CDBE1222214540084CFEC /* Controllers */ = {
			isa = PBXGroup;
			children = (
				69E2263F2222B443000F6ECF /* AddSongViewController.swift */,
				697CDBDC222213EA0084CFEC /* ViewController.swift */,
				697CDBDE222213EC0084CFEC /* JukeBoxViewController.swift */,
			);
			path = Controllers;
			sourceTree = "<group>";
		};
		697CDBE2222215010084CFEC /* Views */ = {
			isa = PBXGroup;
			children = (
				695F45DE22225B6400B01820 /* JukeBoxTableViewCell.swift */,
			);
			path = Views;
			sourceTree = "<group>";
		};
		697CDBE32222150D0084CFEC /* Models */ = {
			isa = PBXGroup;
			children = (
				69E2265D2225765A000F6ECF /* JukeBox.swift */,
				69E22661222576A7000F6ECF /* AppleMusicPlayer.swift */,
				69E22663222576C3000F6ECF /* SpotifyMusicPlayer.swift */,
				69E22665222576D1000F6ECF /* Settings.swift */,
				69E2266922258159000F6ECF /* JukeBoxMusicPlayer.swift */,
			);
			path = Models;
			sourceTree = "<group>";
		};
		697CDBE4222215170084CFEC /* SupportingFiles */ = {
			isa = PBXGroup;
			children = (
				693657CA2221BE2E00DF9561 /* AppDelegate.swift */,
				693657CE2221BE2E00DF9561 /* Main.storyboard */,
				693657D12221BE3000DF9561 /* Assets.xcassets */,
				693657D32221BE3000DF9561 /* LaunchScreen.storyboard */,
				693657D62221BE3000DF9561 /* Info.plist */,
			);
			path = SupportingFiles;
			sourceTree = "<group>";
		};
		C911A9775BD4CF6DD5FC025C /* Pods */ = {
			isa = PBXGroup;
			children = (
				0322D361DF2A89A1CB0904B4 /* Pods-SABRE-II-Mobile.debug.xcconfig */,
				915DA680EF2456ED9A715460 /* Pods-SABRE-II-Mobile.release.xcconfig */,
				7159BC847BEE916B652020DA /* Pods-SABRE-II-MobileTests.debug.xcconfig */,
				B648D6E4C3F81C9286B29FB1 /* Pods-SABRE-II-MobileTests.release.xcconfig */,
				D8089F98B1360FF5F37E6901 /* Pods-SABRE-II-MobileUITests.debug.xcconfig */,
				305025464A850CF0AED93188 /* Pods-SABRE-II-MobileUITests.release.xcconfig */,
			);
			path = Pods;
			sourceTree = "<group>";
		};
/* End PBXGroup section */

/* Begin PBXNativeTarget section */
		693657C62221BE2E00DF9561 /* SABRE-II-Mobile */ = {
			isa = PBXNativeTarget;
			buildConfigurationList = 693657EF2221BE3000DF9561 /* Build configuration list for PBXNativeTarget "SABRE-II-Mobile" */;
			buildPhases = (
				4EBEA73FB217FB164BBA7316 /* [CP] Check Pods Manifest.lock */,
				693657C32221BE2E00DF9561 /* Sources */,
				693657C42221BE2E00DF9561 /* Frameworks */,
				693657C52221BE2E00DF9561 /* Resources */,
				ABFE56B4C3C458B1B4EBC066 /* [CP] Embed Pods Frameworks */,
			);
			buildRules = (
			);
			dependencies = (
			);
			name = "SABRE-II-Mobile";
			productName = "SABRE-II-Mobile";
			productReference = 693657C72221BE2E00DF9561 /* SABRE-II-Mobile.app */;
			productType = "com.apple.product-type.application";
		};
		693657DA2221BE3000DF9561 /* SABRE-II-MobileTests */ = {
			isa = PBXNativeTarget;
			buildConfigurationList = 693657F22221BE3000DF9561 /* Build configuration list for PBXNativeTarget "SABRE-II-MobileTests" */;
			buildPhases = (
				32A41964C2ABCA29EB2847F5 /* [CP] Check Pods Manifest.lock */,
				693657D72221BE3000DF9561 /* Sources */,
				693657D82221BE3000DF9561 /* Frameworks */,
				693657D92221BE3000DF9561 /* Resources */,
			);
			buildRules = (
			);
			dependencies = (
				693657DD2221BE3000DF9561 /* PBXTargetDependency */,
			);
			name = "SABRE-II-MobileTests";
			productName = "SABRE-II-MobileTests";
			productReference = 693657DB2221BE3000DF9561 /* SABRE-II-MobileTests.xctest */;
			productType = "com.apple.product-type.bundle.unit-test";
		};
		693657E52221BE3000DF9561 /* SABRE-II-MobileUITests */ = {
			isa = PBXNativeTarget;
			buildConfigurationList = 693657F52221BE3000DF9561 /* Build configuration list for PBXNativeTarget "SABRE-II-MobileUITests" */;
			buildPhases = (
				0659591B0E887933F5F88C4F /* [CP] Check Pods Manifest.lock */,
				693657E22221BE3000DF9561 /* Sources */,
				693657E32221BE3000DF9561 /* Frameworks */,
				693657E42221BE3000DF9561 /* Resources */,
			);
			buildRules = (
			);
			dependencies = (
				693657E82221BE3000DF9561 /* PBXTargetDependency */,
			);
			name = "SABRE-II-MobileUITests";
			productName = "SABRE-II-MobileUITests";
			productReference = 693657E62221BE3000DF9561 /* SABRE-II-MobileUITests.xctest */;
			productType = "com.apple.product-type.bundle.ui-testing";
		};
/* End PBXNativeTarget section */

/* Begin PBXProject section */
		693657BF2221BE2E00DF9561 /* Project object */ = {
			isa = PBXProject;
			attributes = {
				LastSwiftUpdateCheck = 1010;
				LastUpgradeCheck = 1010;
				ORGANIZATIONNAME = SABRE;
				TargetAttributes = {
					693657C62221BE2E00DF9561 = {
						CreatedOnToolsVersion = 10.1;
						SystemCapabilities = {
							com.apple.BackgroundModes = {
								enabled = 1;
							};
						};
					};
					693657DA2221BE3000DF9561 = {
						CreatedOnToolsVersion = 10.1;
						TestTargetID = 693657C62221BE2E00DF9561;
					};
					693657E52221BE3000DF9561 = {
						CreatedOnToolsVersion = 10.1;
						TestTargetID = 693657C62221BE2E00DF9561;
					};
				};
			};
			buildConfigurationList = 693657C22221BE2E00DF9561 /* Build configuration list for PBXProject "SABRE-II-Mobile" */;
			compatibilityVersion = "Xcode 9.3";
			developmentRegion = en;
			hasScannedForEncodings = 0;
			knownRegions = (
				en,
				Base,
			);
			mainGroup = 693657BE2221BE2E00DF9561;
			productRefGroup = 693657C82221BE2E00DF9561 /* Products */;
			projectDirPath = "";
			projectRoot = "";
			targets = (
				693657C62221BE2E00DF9561 /* SABRE-II-Mobile */,
				693657DA2221BE3000DF9561 /* SABRE-II-MobileTests */,
				693657E52221BE3000DF9561 /* SABRE-II-MobileUITests */,
			);
		};
/* End PBXProject section */

/* Begin PBXResourcesBuildPhase section */
		693657C52221BE2E00DF9561 /* Resources */ = {
			isa = PBXResourcesBuildPhase;
			buildActionMask = 2147483647;
			files = (
				693657D52221BE3000DF9561 /* LaunchScreen.storyboard in Resources */,
				693657D22221BE3000DF9561 /* Assets.xcassets in Resources */,
				693657D02221BE2E00DF9561 /* Main.storyboard in Resources */,
			);
			runOnlyForDeploymentPostprocessing = 0;
		};
		693657D92221BE3000DF9561 /* Resources */ = {
			isa = PBXResourcesBuildPhase;
			buildActionMask = 2147483647;
			files = (
			);
			runOnlyForDeploymentPostprocessing = 0;
		};
		693657E42221BE3000DF9561 /* Resources */ = {
			isa = PBXResourcesBuildPhase;
			buildActionMask = 2147483647;
			files = (
			);
			runOnlyForDeploymentPostprocessing = 0;
		};
/* End PBXResourcesBuildPhase section */

/* Begin PBXShellScriptBuildPhase section */
		0659591B0E887933F5F88C4F /* [CP] Check Pods Manifest.lock */ = {
			isa = PBXShellScriptBuildPhase;
			buildActionMask = 2147483647;
			files = (
			);
			inputFileListPaths = (
			);
			inputPaths = (
				"${PODS_PODFILE_DIR_PATH}/Podfile.lock",
				"${PODS_ROOT}/Manifest.lock",
			);
			name = "[CP] Check Pods Manifest.lock";
			outputFileListPaths = (
			);
			outputPaths = (
				"$(DERIVED_FILE_DIR)/Pods-SABRE-II-MobileUITests-checkManifestLockResult.txt",
			);
			runOnlyForDeploymentPostprocessing = 0;
			shellPath = /bin/sh;
			shellScript = "diff \"${PODS_PODFILE_DIR_PATH}/Podfile.lock\" \"${PODS_ROOT}/Manifest.lock\" > /dev/null\nif [ $? != 0 ] ; then\n    # print error to STDERR\n    echo \"error: The sandbox is not in sync with the Podfile.lock. Run 'pod install' or update your CocoaPods installation.\" >&2\n    exit 1\nfi\n# This output is used by Xcode 'outputs' to avoid re-running this script phase.\necho \"SUCCESS\" > \"${SCRIPT_OUTPUT_FILE_0}\"\n";
			showEnvVarsInLog = 0;
		};
		32A41964C2ABCA29EB2847F5 /* [CP] Check Pods Manifest.lock */ = {
			isa = PBXShellScriptBuildPhase;
			buildActionMask = 2147483647;
			files = (
			);
			inputFileListPaths = (
			);
			inputPaths = (
				"${PODS_PODFILE_DIR_PATH}/Podfile.lock",
				"${PODS_ROOT}/Manifest.lock",
			);
			name = "[CP] Check Pods Manifest.lock";
			outputFileListPaths = (
			);
			outputPaths = (
				"$(DERIVED_FILE_DIR)/Pods-SABRE-II-MobileTests-checkManifestLockResult.txt",
			);
			runOnlyForDeploymentPostprocessing = 0;
			shellPath = /bin/sh;
			shellScript = "diff \"${PODS_PODFILE_DIR_PATH}/Podfile.lock\" \"${PODS_ROOT}/Manifest.lock\" > /dev/null\nif [ $? != 0 ] ; then\n    # print error to STDERR\n    echo \"error: The sandbox is not in sync with the Podfile.lock. Run 'pod install' or update your CocoaPods installation.\" >&2\n    exit 1\nfi\n# This output is used by Xcode 'outputs' to avoid re-running this script phase.\necho \"SUCCESS\" > \"${SCRIPT_OUTPUT_FILE_0}\"\n";
			showEnvVarsInLog = 0;
		};
		4EBEA73FB217FB164BBA7316 /* [CP] Check Pods Manifest.lock */ = {
			isa = PBXShellScriptBuildPhase;
			buildActionMask = 2147483647;
			files = (
			);
			inputFileListPaths = (
			);
			inputPaths = (
				"${PODS_PODFILE_DIR_PATH}/Podfile.lock",
				"${PODS_ROOT}/Manifest.lock",
			);
			name = "[CP] Check Pods Manifest.lock";
			outputFileListPaths = (
			);
			outputPaths = (
				"$(DERIVED_FILE_DIR)/Pods-SABRE-II-Mobile-checkManifestLockResult.txt",
			);
			runOnlyForDeploymentPostprocessing = 0;
			shellPath = /bin/sh;
			shellScript = "diff \"${PODS_PODFILE_DIR_PATH}/Podfile.lock\" \"${PODS_ROOT}/Manifest.lock\" > /dev/null\nif [ $? != 0 ] ; then\n    # print error to STDERR\n    echo \"error: The sandbox is not in sync with the Podfile.lock. Run 'pod install' or update your CocoaPods installation.\" >&2\n    exit 1\nfi\n# This output is used by Xcode 'outputs' to avoid re-running this script phase.\necho \"SUCCESS\" > \"${SCRIPT_OUTPUT_FILE_0}\"\n";
			showEnvVarsInLog = 0;
		};
		ABFE56B4C3C458B1B4EBC066 /* [CP] Embed Pods Frameworks */ = {
			isa = PBXShellScriptBuildPhase;
			buildActionMask = 2147483647;
			files = (
			);
			inputFileListPaths = (
			);
			inputPaths = (
				"${PODS_ROOT}/Target Support Files/Pods-SABRE-II-Mobile/Pods-SABRE-II-Mobile-frameworks.sh",
				"${BUILT_PRODUCTS_DIR}/Alamofire/Alamofire.framework",
				"${BUILT_PRODUCTS_DIR}/DynamicBlurView/DynamicBlurView.framework",
				"${BUILT_PRODUCTS_DIR}/PopupDialog/PopupDialog.framework",
				"${BUILT_PRODUCTS_DIR}/SwiftyJSON/SwiftyJSON.framework",
			);
			name = "[CP] Embed Pods Frameworks";
			outputFileListPaths = (
			);
			outputPaths = (
				"${TARGET_BUILD_DIR}/${FRAMEWORKS_FOLDER_PATH}/Alamofire.framework",
				"${TARGET_BUILD_DIR}/${FRAMEWORKS_FOLDER_PATH}/DynamicBlurView.framework",
				"${TARGET_BUILD_DIR}/${FRAMEWORKS_FOLDER_PATH}/PopupDialog.framework",
				"${TARGET_BUILD_DIR}/${FRAMEWORKS_FOLDER_PATH}/SwiftyJSON.framework",
			);
			runOnlyForDeploymentPostprocessing = 0;
			shellPath = /bin/sh;
			shellScript = "\"${PODS_ROOT}/Target Support Files/Pods-SABRE-II-Mobile/Pods-SABRE-II-Mobile-frameworks.sh\"\n";
			showEnvVarsInLog = 0;
		};
/* End PBXShellScriptBuildPhase section */

/* Begin PBXSourcesBuildPhase section */
		693657C32221BE2E00DF9561 /* Sources */ = {
			isa = PBXSourcesBuildPhase;
			buildActionMask = 2147483647;
			files = (
				69E22662222576A7000F6ECF /* AppleMusicPlayer.swift in Sources */,
				695F45DF22225B6400B01820 /* JukeBoxTableViewCell.swift in Sources */,
				69E226402222B443000F6ECF /* AddSongViewController.swift in Sources */,
				69E22666222576D1000F6ECF /* Settings.swift in Sources */,
				69E2265E2225765A000F6ECF /* JukeBox.swift in Sources */,
				69E2266A22258159000F6ECF /* JukeBoxMusicPlayer.swift in Sources */,
				697CDBDD222213EA0084CFEC /* ViewController.swift in Sources */,
				693657CB2221BE2E00DF9561 /* AppDelegate.swift in Sources */,
				697CDBDF222213ED0084CFEC /* JukeBoxViewController.swift in Sources */,
				69E22664222576C3000F6ECF /* SpotifyMusicPlayer.swift in Sources */,
			);
			runOnlyForDeploymentPostprocessing = 0;
		};
		693657D72221BE3000DF9561 /* Sources */ = {
			isa = PBXSourcesBuildPhase;
			buildActionMask = 2147483647;
			files = (
				693657E02221BE3000DF9561 /* SABRE_II_MobileTests.swift in Sources */,
			);
			runOnlyForDeploymentPostprocessing = 0;
		};
		693657E22221BE3000DF9561 /* Sources */ = {
			isa = PBXSourcesBuildPhase;
			buildActionMask = 2147483647;
			files = (
				693657EB2221BE3000DF9561 /* SABRE_II_MobileUITests.swift in Sources */,
			);
			runOnlyForDeploymentPostprocessing = 0;
		};
/* End PBXSourcesBuildPhase section */

/* Begin PBXTargetDependency section */
		693657DD2221BE3000DF9561 /* PBXTargetDependency */ = {
			isa = PBXTargetDependency;
			target = 693657C62221BE2E00DF9561 /* SABRE-II-Mobile */;
			targetProxy = 693657DC2221BE3000DF9561 /* PBXContainerItemProxy */;
		};
		693657E82221BE3000DF9561 /* PBXTargetDependency */ = {
			isa = PBXTargetDependency;
			target = 693657C62221BE2E00DF9561 /* SABRE-II-Mobile */;
			targetProxy = 693657E72221BE3000DF9561 /* PBXContainerItemProxy */;
		};
/* End PBXTargetDependency section */

/* Begin PBXVariantGroup section */
		693657CE2221BE2E00DF9561 /* Main.storyboard */ = {
			isa = PBXVariantGroup;
			children = (
				693657CF2221BE2E00DF9561 /* Base */,
			);
			name = Main.storyboard;
			sourceTree = "<group>";
		};
		693657D32221BE3000DF9561 /* LaunchScreen.storyboard */ = {
			isa = PBXVariantGroup;
			children = (
				693657D42221BE3000DF9561 /* Base */,
			);
			name = LaunchScreen.storyboard;
			sourceTree = "<group>";
		};
/* End PBXVariantGroup section */

/* Begin XCBuildConfiguration section */
		693657ED2221BE3000DF9561 /* Debug */ = {
			isa = XCBuildConfiguration;
			buildSettings = {
				ALWAYS_SEARCH_USER_PATHS = NO;
				CLANG_ANALYZER_NONNULL = YES;
				CLANG_ANALYZER_NUMBER_OBJECT_CONVERSION = YES_AGGRESSIVE;
				CLANG_CXX_LANGUAGE_STANDARD = "gnu++14";
				CLANG_CXX_LIBRARY = "libc++";
				CLANG_ENABLE_MODULES = YES;
				CLANG_ENABLE_OBJC_ARC = YES;
				CLANG_ENABLE_OBJC_WEAK = YES;
				CLANG_WARN_BLOCK_CAPTURE_AUTORELEASING = YES;
				CLANG_WARN_BOOL_CONVERSION = YES;
				CLANG_WARN_COMMA = YES;
				CLANG_WARN_CONSTANT_CONVERSION = YES;
				CLANG_WARN_DEPRECATED_OBJC_IMPLEMENTATIONS = YES;
				CLANG_WARN_DIRECT_OBJC_ISA_USAGE = YES_ERROR;
				CLANG_WARN_DOCUMENTATION_COMMENTS = YES;
				CLANG_WARN_EMPTY_BODY = YES;
				CLANG_WARN_ENUM_CONVERSION = YES;
				CLANG_WARN_INFINITE_RECURSION = YES;
				CLANG_WARN_INT_CONVERSION = YES;
				CLANG_WARN_NON_LITERAL_NULL_CONVERSION = YES;
				CLANG_WARN_OBJC_IMPLICIT_RETAIN_SELF = YES;
				CLANG_WARN_OBJC_LITERAL_CONVERSION = YES;
				CLANG_WARN_OBJC_ROOT_CLASS = YES_ERROR;
				CLANG_WARN_RANGE_LOOP_ANALYSIS = YES;
				CLANG_WARN_STRICT_PROTOTYPES = YES;
				CLANG_WARN_SUSPICIOUS_MOVE = YES;
				CLANG_WARN_UNGUARDED_AVAILABILITY = YES_AGGRESSIVE;
				CLANG_WARN_UNREACHABLE_CODE = YES;
				CLANG_WARN__DUPLICATE_METHOD_MATCH = YES;
				CODE_SIGN_IDENTITY = "iPhone Developer";
				COPY_PHASE_STRIP = NO;
				DEBUG_INFORMATION_FORMAT = dwarf;
				ENABLE_STRICT_OBJC_MSGSEND = YES;
				ENABLE_TESTABILITY = YES;
				GCC_C_LANGUAGE_STANDARD = gnu11;
				GCC_DYNAMIC_NO_PIC = NO;
				GCC_NO_COMMON_BLOCKS = YES;
				GCC_OPTIMIZATION_LEVEL = 0;
				GCC_PREPROCESSOR_DEFINITIONS = (
					"DEBUG=1",
					"$(inherited)",
				);
				GCC_WARN_64_TO_32_BIT_CONVERSION = YES;
				GCC_WARN_ABOUT_RETURN_TYPE = YES_ERROR;
				GCC_WARN_UNDECLARED_SELECTOR = YES;
				GCC_WARN_UNINITIALIZED_AUTOS = YES_AGGRESSIVE;
				GCC_WARN_UNUSED_FUNCTION = YES;
				GCC_WARN_UNUSED_VARIABLE = YES;
				IPHONEOS_DEPLOYMENT_TARGET = 12.1;
				MTL_ENABLE_DEBUG_INFO = INCLUDE_SOURCE;
				MTL_FAST_MATH = YES;
				ONLY_ACTIVE_ARCH = YES;
				SDKROOT = iphoneos;
				SWIFT_ACTIVE_COMPILATION_CONDITIONS = DEBUG;
				SWIFT_OPTIMIZATION_LEVEL = "-Onone";
			};
			name = Debug;
		};
		693657EE2221BE3000DF9561 /* Release */ = {
			isa = XCBuildConfiguration;
			buildSettings = {
				ALWAYS_SEARCH_USER_PATHS = NO;
				CLANG_ANALYZER_NONNULL = YES;
				CLANG_ANALYZER_NUMBER_OBJECT_CONVERSION = YES_AGGRESSIVE;
				CLANG_CXX_LANGUAGE_STANDARD = "gnu++14";
				CLANG_CXX_LIBRARY = "libc++";
				CLANG_ENABLE_MODULES = YES;
				CLANG_ENABLE_OBJC_ARC = YES;
				CLANG_ENABLE_OBJC_WEAK = YES;
				CLANG_WARN_BLOCK_CAPTURE_AUTORELEASING = YES;
				CLANG_WARN_BOOL_CONVERSION = YES;
				CLANG_WARN_COMMA = YES;
				CLANG_WARN_CONSTANT_CONVERSION = YES;
				CLANG_WARN_DEPRECATED_OBJC_IMPLEMENTATIONS = YES;
				CLANG_WARN_DIRECT_OBJC_ISA_USAGE = YES_ERROR;
				CLANG_WARN_DOCUMENTATION_COMMENTS = YES;
				CLANG_WARN_EMPTY_BODY = YES;
				CLANG_WARN_ENUM_CONVERSION = YES;
				CLANG_WARN_INFINITE_RECURSION = YES;
				CLANG_WARN_INT_CONVERSION = YES;
				CLANG_WARN_NON_LITERAL_NULL_CONVERSION = YES;
				CLANG_WARN_OBJC_IMPLICIT_RETAIN_SELF = YES;
				CLANG_WARN_OBJC_LITERAL_CONVERSION = YES;
				CLANG_WARN_OBJC_ROOT_CLASS = YES_ERROR;
				CLANG_WARN_RANGE_LOOP_ANALYSIS = YES;
				CLANG_WARN_STRICT_PROTOTYPES = YES;
				CLANG_WARN_SUSPICIOUS_MOVE = YES;
				CLANG_WARN_UNGUARDED_AVAILABILITY = YES_AGGRESSIVE;
				CLANG_WARN_UNREACHABLE_CODE = YES;
				CLANG_WARN__DUPLICATE_METHOD_MATCH = YES;
				CODE_SIGN_IDENTITY = "iPhone Developer";
				COPY_PHASE_STRIP = NO;
				DEBUG_INFORMATION_FORMAT = "dwarf-with-dsym";
				ENABLE_NS_ASSERTIONS = NO;
				ENABLE_STRICT_OBJC_MSGSEND = YES;
				GCC_C_LANGUAGE_STANDARD = gnu11;
				GCC_NO_COMMON_BLOCKS = YES;
				GCC_WARN_64_TO_32_BIT_CONVERSION = YES;
				GCC_WARN_ABOUT_RETURN_TYPE = YES_ERROR;
				GCC_WARN_UNDECLARED_SELECTOR = YES;
				GCC_WARN_UNINITIALIZED_AUTOS = YES_AGGRESSIVE;
				GCC_WARN_UNUSED_FUNCTION = YES;
				GCC_WARN_UNUSED_VARIABLE = YES;
				IPHONEOS_DEPLOYMENT_TARGET = 12.1;
				MTL_ENABLE_DEBUG_INFO = NO;
				MTL_FAST_MATH = YES;
				SDKROOT = iphoneos;
				SWIFT_COMPILATION_MODE = wholemodule;
				SWIFT_OPTIMIZATION_LEVEL = "-O";
				VALIDATE_PRODUCT = YES;
			};
			name = Release;
		};
		693657F02221BE3000DF9561 /* Debug */ = {
			isa = XCBuildConfiguration;
			baseConfigurationReference = 0322D361DF2A89A1CB0904B4 /* Pods-SABRE-II-Mobile.debug.xcconfig */;
			buildSettings = {
				ASSETCATALOG_COMPILER_APPICON_NAME = AppIcon;
				CODE_SIGN_STYLE = Automatic;
				DEVELOPMENT_TEAM = C26WBP36T2;
				INFOPLIST_FILE = "$(SRCROOT)/SABRE-II-Mobile/SupportingFiles/Info.plist";
				LD_RUNPATH_SEARCH_PATHS = (
					"$(inherited)",
					"@executable_path/Frameworks",
				);
				PRODUCT_BUNDLE_IDENTIFIER = "com.SABRE.SABRE-II-Mobile";
				PRODUCT_NAME = "$(TARGET_NAME)";
				SWIFT_VERSION = 4.2;
				TARGETED_DEVICE_FAMILY = "1,2";
			};
			name = Debug;
		};
		693657F12221BE3000DF9561 /* Release */ = {
			isa = XCBuildConfiguration;
			baseConfigurationReference = 915DA680EF2456ED9A715460 /* Pods-SABRE-II-Mobile.release.xcconfig */;
			buildSettings = {
				ASSETCATALOG_COMPILER_APPICON_NAME = AppIcon;
				CODE_SIGN_STYLE = Automatic;
				DEVELOPMENT_TEAM = C26WBP36T2;
				INFOPLIST_FILE = "$(SRCROOT)/SABRE-II-Mobile/SupportingFiles/Info.plist";
				LD_RUNPATH_SEARCH_PATHS = (
					"$(inherited)",
					"@executable_path/Frameworks",
				);
				PRODUCT_BUNDLE_IDENTIFIER = "com.SABRE.SABRE-II-Mobile";
				PRODUCT_NAME = "$(TARGET_NAME)";
				SWIFT_VERSION = 4.2;
				TARGETED_DEVICE_FAMILY = "1,2";
			};
			name = Release;
		};
		693657F32221BE3000DF9561 /* Debug */ = {
			isa = XCBuildConfiguration;
			baseConfigurationReference = 7159BC847BEE916B652020DA /* Pods-SABRE-II-MobileTests.debug.xcconfig */;
			buildSettings = {
				ALWAYS_EMBED_SWIFT_STANDARD_LIBRARIES = YES;
				BUNDLE_LOADER = "$(TEST_HOST)";
				CODE_SIGN_STYLE = Automatic;
				DEVELOPMENT_TEAM = C26WBP36T2;
				INFOPLIST_FILE = "SABRE-II-MobileTests/Info.plist";
				LD_RUNPATH_SEARCH_PATHS = (
					"$(inherited)",
					"@executable_path/Frameworks",
					"@loader_path/Frameworks",
				);
				PRODUCT_BUNDLE_IDENTIFIER = "com.SABRE.SABRE-II-MobileTests";
				PRODUCT_NAME = "$(TARGET_NAME)";
				SWIFT_VERSION = 4.2;
				TARGETED_DEVICE_FAMILY = "1,2";
				TEST_HOST = "$(BUILT_PRODUCTS_DIR)/SABRE-II-Mobile.app/SABRE-II-Mobile";
			};
			name = Debug;
		};
		693657F42221BE3000DF9561 /* Release */ = {
			isa = XCBuildConfiguration;
			baseConfigurationReference = B648D6E4C3F81C9286B29FB1 /* Pods-SABRE-II-MobileTests.release.xcconfig */;
			buildSettings = {
				ALWAYS_EMBED_SWIFT_STANDARD_LIBRARIES = YES;
				BUNDLE_LOADER = "$(TEST_HOST)";
				CODE_SIGN_STYLE = Automatic;
				DEVELOPMENT_TEAM = C26WBP36T2;
				INFOPLIST_FILE = "SABRE-II-MobileTests/Info.plist";
				LD_RUNPATH_SEARCH_PATHS = (
					"$(inherited)",
					"@executable_path/Frameworks",
					"@loader_path/Frameworks",
				);
				PRODUCT_BUNDLE_IDENTIFIER = "com.SABRE.SABRE-II-MobileTests";
				PRODUCT_NAME = "$(TARGET_NAME)";
				SWIFT_VERSION = 4.2;
				TARGETED_DEVICE_FAMILY = "1,2";
				TEST_HOST = "$(BUILT_PRODUCTS_DIR)/SABRE-II-Mobile.app/SABRE-II-Mobile";
			};
			name = Release;
		};
		693657F62221BE3000DF9561 /* Debug */ = {
			isa = XCBuildConfiguration;
			baseConfigurationReference = D8089F98B1360FF5F37E6901 /* Pods-SABRE-II-MobileUITests.debug.xcconfig */;
			buildSettings = {
				ALWAYS_EMBED_SWIFT_STANDARD_LIBRARIES = YES;
				CODE_SIGN_STYLE = Automatic;
				DEVELOPMENT_TEAM = C26WBP36T2;
				INFOPLIST_FILE = "SABRE-II-MobileUITests/Info.plist";
				LD_RUNPATH_SEARCH_PATHS = (
					"$(inherited)",
					"@executable_path/Frameworks",
					"@loader_path/Frameworks",
				);
				PRODUCT_BUNDLE_IDENTIFIER = "com.SABRE.SABRE-II-MobileUITests";
				PRODUCT_NAME = "$(TARGET_NAME)";
				SWIFT_VERSION = 4.2;
				TARGETED_DEVICE_FAMILY = "1,2";
				TEST_TARGET_NAME = "SABRE-II-Mobile";
			};
			name = Debug;
		};
		693657F72221BE3000DF9561 /* Release */ = {
			isa = XCBuildConfiguration;
			baseConfigurationReference = 305025464A850CF0AED93188 /* Pods-SABRE-II-MobileUITests.release.xcconfig */;
			buildSettings = {
				ALWAYS_EMBED_SWIFT_STANDARD_LIBRARIES = YES;
				CODE_SIGN_STYLE = Automatic;
				DEVELOPMENT_TEAM = C26WBP36T2;
				INFOPLIST_FILE = "SABRE-II-MobileUITests/Info.plist";
				LD_RUNPATH_SEARCH_PATHS = (
					"$(inherited)",
					"@executable_path/Frameworks",
					"@loader_path/Frameworks",
				);
				PRODUCT_BUNDLE_IDENTIFIER = "com.SABRE.SABRE-II-MobileUITests";
				PRODUCT_NAME = "$(TARGET_NAME)";
				SWIFT_VERSION = 4.2;
				TARGETED_DEVICE_FAMILY = "1,2";
				TEST_TARGET_NAME = "SABRE-II-Mobile";
			};
			name = Release;
		};
/* End XCBuildConfiguration section */

/* Begin XCConfigurationList section */
		693657C22221BE2E00DF9561 /* Build configuration list for PBXProject "SABRE-II-Mobile" */ = {
			isa = XCConfigurationList;
			buildConfigurations = (
				693657ED2221BE3000DF9561 /* Debug */,
				693657EE2221BE3000DF9561 /* Release */,
			);
			defaultConfigurationIsVisible = 0;
			defaultConfigurationName = Release;
		};
		693657EF2221BE3000DF9561 /* Build configuration list for PBXNativeTarget "SABRE-II-Mobile" */ = {
			isa = XCConfigurationList;
			buildConfigurations = (
				693657F02221BE3000DF9561 /* Debug */,
				693657F12221BE3000DF9561 /* Release */,
			);
			defaultConfigurationIsVisible = 0;
			defaultConfigurationName = Release;
		};
		693657F22221BE3000DF9561 /* Build configuration list for PBXNativeTarget "SABRE-II-MobileTests" */ = {
			isa = XCConfigurationList;
			buildConfigurations = (
				693657F32221BE3000DF9561 /* Debug */,
				693657F42221BE3000DF9561 /* Release */,
			);
			defaultConfigurationIsVisible = 0;
			defaultConfigurationName = Release;
		};
		693657F52221BE3000DF9561 /* Build configuration list for PBXNativeTarget "SABRE-II-MobileUITests" */ = {
			isa = XCConfigurationList;
			buildConfigurations = (
				693657F62221BE3000DF9561 /* Debug */,
				693657F72221BE3000DF9561 /* Release */,
			);
			defaultConfigurationIsVisible = 0;
			defaultConfigurationName = Release;
		};
/* End XCConfigurationList section */
	};
	rootObject = 693657BF2221BE2E00DF9561 /* Project object */;
}
